# This file is generated by running "yarn install" inside your project.
# Manual changes might be lost - proceed with caution!

__metadata:
  version: 8
  cacheKey: 10

"@eslint-community/eslint-utils@npm:^4.5.1":
  version: 4.6.1
  resolution: "@eslint-community/eslint-utils@npm:4.6.1"
  dependencies:
    eslint-visitor-keys: "npm:^3.4.3"
  peerDependencies:
    eslint: ^6.0.0 || ^7.0.0 || >=8.0.0
  checksum: 10/9f1a91bddf0a68b2b8bb71b3390d0e665e842770ff4a0188d38199e8a66ac050608da14eb614d211535ed312633d9dc237bd297857bf0e78abac927029909e50
  languageName: node
  linkType: hard

"@pkgr/core@npm:^0.2.0":
  version: 0.2.4
  resolution: "@pkgr/core@npm:0.2.4"
  checksum: 10/8544f0346c3f7035b9e2fdf60179c68b12d3c76b3fba9533844099af67cf5c0ce5257538f5faa05953d48cc1536d046f003231f321b2f75b3fb449db8410a2b7
  languageName: node
  linkType: hard

"@storybook/root@workspace:.":
  version: 0.0.0-use.local
  resolution: "@storybook/root@workspace:."
  dependencies:
    eslint-plugin-jsonc: "npm:^2.20.0"
    jsonc-eslint-parser: "npm:^2.4.0"
  languageName: unknown
  linkType: soft

"acorn-jsx@npm:^5.3.2":
  version: 5.3.2
  resolution: "acorn-jsx@npm:5.3.2"
  peerDependencies:
    acorn: ^6.0.0 || ^7.0.0 || ^8.0.0
  checksum: 10/d4371eaef7995530b5b5ca4183ff6f062ca17901a6d3f673c9ac011b01ede37e7a1f7f61f8f5cfe709e88054757bb8f3277dc4061087cdf4f2a1f90ccbcdb977
  languageName: node
  linkType: hard

"acorn@npm:^8.14.0, acorn@npm:^8.5.0, acorn@npm:^8.9.0":
  version: 8.14.1
  resolution: "acorn@npm:8.14.1"
  bin:
    acorn: bin/acorn
  checksum: 10/d1379bbee224e8d44c3c3946e6ba6973e999fbdd4e22e41c3455d7f9b6f72f7ce18d3dc218002e1e48eea789539cf1cb6d1430c81838c6744799c712fb557d92
  languageName: node
  linkType: hard

"eslint-compat-utils@npm:^0.6.4":
  version: 0.6.5
  resolution: "eslint-compat-utils@npm:0.6.5"
  dependencies:
    semver: "npm:^7.5.4"
  peerDependencies:
    eslint: ">=6.0.0"
  checksum: 10/bb95e89ed11e9a29b2e9184967292b4b52be1e10fb36c84e89de95b4a5b23764a456b3818a867e232aec685186bd954e19f165cbe50b39659f729d97f1125820
  languageName: node
  linkType: hard

"eslint-json-compat-utils@npm:^0.2.1":
  version: 0.2.1
  resolution: "eslint-json-compat-utils@npm:0.2.1"
  dependencies:
    esquery: "npm:^1.6.0"
  peerDependencies:
    eslint: "*"
    jsonc-eslint-parser: ^2.4.0
  peerDependenciesMeta:
    "@eslint/json":
      optional: true
  checksum: 10/083272c0cdbc6acd9fe9bfe939e0c76493a426400141203d7f0e76344d5874c5a88535c59300045e4c6f95baa5084eff512013f82bcd9e7426404c785e2ea55d
  languageName: node
  linkType: hard

"eslint-plugin-jsonc@npm:^2.20.0":
  version: 2.20.0
  resolution: "eslint-plugin-jsonc@npm:2.20.0"
  dependencies:
    "@eslint-community/eslint-utils": "npm:^4.5.1"
    eslint-compat-utils: "npm:^0.6.4"
    eslint-json-compat-utils: "npm:^0.2.1"
    espree: "npm:^9.6.1 || ^10.3.0"
    graphemer: "npm:^1.4.0"
    jsonc-eslint-parser: "npm:^2.4.0"
    natural-compare: "npm:^1.4.0"
    synckit: "npm:^0.6.2 || ^0.7.3 || ^0.10.3"
  peerDependencies:
    eslint: ">=6.0.0"
  checksum: 10/655c98ceb91e002e365255e20ee8a985b450b9f1b2e5302db205bb55507ac021366a87aef4aee3692f5536c797aa320234d3275c3809adbe87b1a9529ae74354
  languageName: node
  linkType: hard

"eslint-visitor-keys@npm:^3.0.0, eslint-visitor-keys@npm:^3.4.1, eslint-visitor-keys@npm:^3.4.3":
  version: 3.4.3
  resolution: "eslint-visitor-keys@npm:3.4.3"
  checksum: 10/3f357c554a9ea794b094a09bd4187e5eacd1bc0d0653c3adeb87962c548e6a1ab8f982b86963ae1337f5d976004146536dcee5d0e2806665b193fbfbf1a9231b
  languageName: node
  linkType: hard

"eslint-visitor-keys@npm:^4.2.0":
  version: 4.2.0
  resolution: "eslint-visitor-keys@npm:4.2.0"
  checksum: 10/9651b3356b01760e586b4c631c5268c0e1a85236e3292bf754f0472f465bf9a856c0ddc261fceace155334118c0151778effafbab981413dbf9288349343fa25
  languageName: node
  linkType: hard

"espree@npm:^9.0.0":
  version: 9.6.1
  resolution: "espree@npm:9.6.1"
  dependencies:
    acorn: "npm:^8.9.0"
    acorn-jsx: "npm:^5.3.2"
    eslint-visitor-keys: "npm:^3.4.1"
  checksum: 10/255ab260f0d711a54096bdeda93adff0eadf02a6f9b92f02b323e83a2b7fc258797919437ad331efec3930475feb0142c5ecaaf3cdab4befebd336d47d3f3134
  languageName: node
  linkType: hard

"espree@npm:^9.6.1 || ^10.3.0":
  version: 10.3.0
  resolution: "espree@npm:10.3.0"
  dependencies:
    acorn: "npm:^8.14.0"
    acorn-jsx: "npm:^5.3.2"
    eslint-visitor-keys: "npm:^4.2.0"
  checksum: 10/3412d44d4204c9e29d6b5dd0277400cfa0cd68495dc09eae1b9ce79d0c8985c1c5cc09cb9ba32a1cd963f48a49b0c46bdb7736afe395a300aa6bb1c0d86837e8
  languageName: node
  linkType: hard

"esquery@npm:^1.6.0":
  version: 1.6.0
  resolution: "esquery@npm:1.6.0"
  dependencies:
    estraverse: "npm:^5.1.0"
  checksum: 10/c587fb8ec9ed83f2b1bc97cf2f6854cc30bf784a79d62ba08c6e358bf22280d69aee12827521cf38e69ae9761d23fb7fde593ce315610f85655c139d99b05e5a
  languageName: node
  linkType: hard

"estraverse@npm:^5.1.0":
  version: 5.3.0
  resolution: "estraverse@npm:5.3.0"
  checksum: 10/37cbe6e9a68014d34dbdc039f90d0baf72436809d02edffcc06ba3c2a12eb298048f877511353b130153e532aac8d68ba78430c0dd2f44806ebc7c014b01585e
  languageName: node
  linkType: hard

"graphemer@npm:^1.4.0":
  version: 1.4.0
  resolution: "graphemer@npm:1.4.0"
  checksum: 10/6dd60dba97007b21e3a829fab3f771803cc1292977fe610e240ea72afd67e5690ac9eeaafc4a99710e78962e5936ab5a460787c2a1180f1cb0ccfac37d29f897
  languageName: node
  linkType: hard

"jsonc-eslint-parser@npm:^2.4.0":
  version: 2.4.0
  resolution: "jsonc-eslint-parser@npm:2.4.0"
  dependencies:
    acorn: "npm:^8.5.0"
    eslint-visitor-keys: "npm:^3.0.0"
    espree: "npm:^9.0.0"
    semver: "npm:^7.3.5"
  checksum: 10/bd1d41c852c3488414605a1754617aa7c240ed6730a25a7fd7fb76473e92efdc5ba1728ad3f08f8069de3a19abf1fd275c2b145eb51e2f7f6ca293c8105e1ffe
  languageName: node
  linkType: hard

"natural-compare@npm:^1.4.0":
  version: 1.4.0
  resolution: "natural-compare@npm:1.4.0"
  checksum: 10/23ad088b08f898fc9b53011d7bb78ec48e79de7627e01ab5518e806033861bef68d5b0cd0e2205c2f36690ac9571ff6bcb05eb777ced2eeda8d4ac5b44592c3d
  languageName: node
  linkType: hard

"semver@npm:^7.3.5, semver@npm:^7.5.4":
  version: 7.7.1
  resolution: "semver@npm:7.7.1"
  bin:
    semver: bin/semver.js
  checksum: 10/4cfa1eb91ef3751e20fc52e47a935a0118d56d6f15a837ab814da0c150778ba2ca4f1a4d9068b33070ea4273629e615066664c2cfcd7c272caf7a8a0f6518b2c
  languageName: node
  linkType: hard

"synckit@npm:^0.6.2 || ^0.7.3 || ^0.10.3":
  version: 0.10.3
  resolution: "synckit@npm:0.10.3"
  dependencies:
    "@pkgr/core": "npm:^0.2.0"
    tslib: "npm:^2.8.1"
  checksum: 10/bab2193585139f972b3725a9db8fedb6a93fe50bb5db06c0e8d3c93dbf83157e1eeba9fbd9c4922a1a41e9912b754ffe3906a3a7fa639ed502105de67d888207
  languageName: node
  linkType: hard

"tslib@npm:^2.8.1":
  version: 2.8.1
  resolution: "tslib@npm:2.8.1"
  checksum: 10/3e2e043d5c2316461cb54e5c7fe02c30ef6dccb3384717ca22ae5c6b5bc95232a6241df19c622d9c73b809bea33b187f6dbc73030963e29950c2141bc32a79f7
  languageName: node
  linkType: hard
