# This file is generated by running "yarn install" inside your project.
# Manual changes might be lost - proceed with caution!

__metadata:
  version: 8
  cacheKey: 10

"@storybook/root@workspace:.":
  version: 0.0.0-use.local
  resolution: "@storybook/root@workspace:."
  dependencies:
    happy-dom: "npm:^15.10.2"
  languageName: unknown
  linkType: soft

"entities@npm:^4.5.0":
  version: 4.5.0
  resolution: "entities@npm:4.5.0"
  checksum: 10/ede2a35c9bce1aeccd055a1b445d41c75a14a2bb1cd22e242f20cf04d236cdcd7f9c859eb83f76885327bfae0c25bf03303665ee1ce3d47c5927b98b0e3e3d48
  languageName: node
  linkType: hard

"happy-dom@npm:^15.10.2":
  version: 15.11.7
  resolution: "happy-dom@npm:15.11.7"
  dependencies:
    entities: "npm:^4.5.0"
    webidl-conversions: "npm:^7.0.0"
    whatwg-mimetype: "npm:^3.0.0"
  checksum: 10/82fb8505a940ebc2b732d1c70ae4ba08128cc82f2d469702f73e541d3bf10fc69b726386f8aaf579ccd2697f85e86dee87aa9d4f229b781fb05628d733fc93d7
  languageName: node
  linkType: hard

"webidl-conversions@npm:^7.0.0":
  version: 7.0.0
  resolution: "webidl-conversions@npm:7.0.0"
  checksum: 10/4c4f65472c010eddbe648c11b977d048dd96956a625f7f8b9d64e1b30c3c1f23ea1acfd654648426ce5c743c2108a5a757c0592f02902cf7367adb7d14e67721
  languageName: node
  linkType: hard

"whatwg-mimetype@npm:^3.0.0":
  version: 3.0.0
  resolution: "whatwg-mimetype@npm:3.0.0"
  checksum: 10/96f9f628c663c2ae05412c185ca81b3df54bcb921ab52fe9ebc0081c1720f25d770665401eb2338ab7f48c71568133845638e18a81ed52ab5d4dcef7d22b40ef
  languageName: node
  linkType: hard
